# THIS IS AN AUTOGENERATED FILE. DO NOT EDIT THIS FILE DIRECTLY.
# yarn lockfile v1


"@types/chalk@^2.2.0":
  version "2.2.0"
  resolved "https://registry.yarnpkg.com/@types/chalk/-/chalk-2.2.0.tgz#b7f6e446f4511029ee8e3f43075fb5b73fbaa0ba"
  integrity sha512-1zzPV9FDe1I/WHhRkf9SNgqtRJWZqrBWgu7JGveuHmmyR9CnAPCie2N/x+iHrgnpYBIcCJWHBoMRv2TRWktsvw==
  dependencies:
    chalk "*"

"@types/color-name@^1.1.1":
  version "1.1.1"
  resolved "https://registry.yarnpkg.com/@types/color-name/-/color-name-1.1.1.tgz#1c1261bbeaa10a8055bbc5d8ab84b7b2afc846a0"
  integrity sha512-rr+OQyAjxze7GgWrSaJwydHStIhHq2lvY3BOC2Mj7KnzI7XK0Uw1TOOdI9lDoajEbSWLiYgoo4f1R51erQfhPQ==

"@types/he@^1.1.1":
  version "1.1.1"
  resolved "https://registry.yarnpkg.com/@types/he/-/he-1.1.1.tgz#19e14033c4ee8f1a702c74dcc6182664839ac2b7"
  integrity sha512-jpzrsR1ns0n3kyWt92QfOUQhIuJGQ9+QGa7M62rO6toe98woQjnsnzjdMtsQXCdvjjmqjS2ZBCC7xKw0cdzU+Q==

"@types/lodash@^4.14.149":
  version "4.14.149"
  resolved "https://registry.yarnpkg.com/@types/lodash/-/lodash-4.14.149.tgz#1342d63d948c6062838fbf961012f74d4e638440"
  integrity sha512-ijGqzZt/b7BfzcK9vTrS6MFljQRPn5BFWOx8oE0GYxribu6uV+aA9zZuXI1zc/etK9E8nrgdoF2+LgUw7+9tJQ==

"@types/node-fetch@^2.5.5":
  version "2.5.5"
  resolved "https://registry.yarnpkg.com/@types/node-fetch/-/node-fetch-2.5.5.tgz#cd264e20a81f4600a6c52864d38e7fef72485e92"
  integrity sha512-IWwjsyYjGw+em3xTvWVQi5MgYKbRs0du57klfTaZkv/B24AEQ/p/IopNeqIYNy3EsfHOpg8ieQSDomPcsYMHpA==
  dependencies:
    "@types/node" "*"
    form-data "^3.0.0"

"@types/node@*":
  version "13.9.5"
  resolved "https://registry.yarnpkg.com/@types/node/-/node-13.9.5.tgz#59738bf30b31aea1faa2df7f4a5f55613750cf00"
  integrity sha512-hkzMMD3xu6BrJpGVLeQ3htQQNAcOrJjX7WFmtK8zWQpz2UJf13LCFF2ALA7c9OVdvc2vQJeDdjfR35M0sBCxvw==

ansi-styles@^4.1.0:
  version "4.2.1"
  resolved "https://registry.yarnpkg.com/ansi-styles/-/ansi-styles-4.2.1.tgz#90ae75c424d008d2624c5bf29ead3177ebfcf359"
  integrity sha512-9VGjrMsG1vePxcSweQsN20KY/c4zN0h9fLjqAbwbPfahM3t+NL+M9HC8xeXG2I8pX5NoamTGNuomEUFI7fcUjA==
  dependencies:
    "@types/color-name" "^1.1.1"
    color-convert "^2.0.1"

asynckit@^0.4.0:
  version "0.4.0"
  resolved "https://registry.yarnpkg.com/asynckit/-/asynckit-0.4.0.tgz#c79ed97f7f34cb8f2ba1bc9790bcc366474b4b79"
  integrity sha1-x57Zf380y48robyXkLzDZkdLS3k=

chalk@*, chalk@^3.0.0:
  version "3.0.0"
  resolved "https://registry.yarnpkg.com/chalk/-/chalk-3.0.0.tgz#3f73c2bf526591f574cc492c51e2456349f844e4"
  integrity sha512-4D3B6Wf41KOYRFdszmDqMCGq5VV/uMAB273JILmO+3jAlh8X4qDtdtgCR3fxtbLEMzSx22QdhnDcJvu2u1fVwg==
  dependencies:
    ansi-styles "^4.1.0"
    supports-color "^7.1.0"

color-convert@^2.0.1:
  version "2.0.1"
  resolved "https://registry.yarnpkg.com/color-convert/-/color-convert-2.0.1.tgz#72d3a68d598c9bdb3af2ad1e84f21d896abd4de3"
  integrity sha512-RRECPsj7iu/xb5oKYcsFHSppFNnsj/52OVTRKb4zP5onXwVF3zVmmToNcOfGC+CRDpfK/U584fMg38ZHCaElKQ==
  dependencies:
    color-name "~1.1.4"

color-name@~1.1.4:
  version "1.1.4"
  resolved "https://registry.yarnpkg.com/color-name/-/color-name-1.1.4.tgz#c2a09a87acbde69543de6f63fa3995c826c536a2"
  integrity sha512-dOy+3AuW3a2wNbZHIuMZpTcgjGuLU/uBL/ubcZF9OXbDo8ff4O8yVp5Bf0efS8uEoYo5q4Fx7dY9OgQGXgAsQA==

combined-stream@^1.0.8:
  version "1.0.8"
  resolved "https://registry.yarnpkg.com/combined-stream/-/combined-stream-1.0.8.tgz#c3d45a8b34fd730631a110a8a2520682b31d5a7f"
  integrity sha512-FQN4MRfuJeHf7cBbBMJFXhKSDq+2kAArBlmRBvcvFE5BB1HZKXtSFASDhdlz9zOYwxh8lDdnvmMOe/+5cdoEdg==
  dependencies:
    delayed-stream "~1.0.0"

commander@^5.0.0:
  version "5.0.0"
  resolved "https://registry.yarnpkg.com/commander/-/commander-5.0.0.tgz#dbf1909b49e5044f8fdaf0adc809f0c0722bdfd0"
  integrity sha512-JrDGPAKjMGSP1G0DUoaceEJ3DZgAfr/q6X7FVk4+U5KxUSKviYGM2k6zWkfyyBHy5rAtzgYJFa1ro2O9PtoxwQ==

delayed-stream@~1.0.0:
  version "1.0.0"
  resolved "https://registry.yarnpkg.com/delayed-stream/-/delayed-stream-1.0.0.tgz#df3ae199acadfb7d440aaae0b29e2272b24ec619"
  integrity sha1-3zrhmayt+31ECqrgsp4icrJOxhk=

form-data@^3.0.0:
  version "3.0.0"
  resolved "https://registry.yarnpkg.com/form-data/-/form-data-3.0.0.tgz#31b7e39c85f1355b7139ee0c647cf0de7f83c682"
  integrity sha512-CKMFDglpbMi6PyN+brwB9Q/GOw0eAnsrEZDgcsH5Krhz5Od/haKHAX0NmQfha2zPPz0JpWzA7GJHGSnvCRLWsg==
  dependencies:
    asynckit "^0.4.0"
    combined-stream "^1.0.8"
    mime-types "^2.1.12"

has-flag@^4.0.0:
  version "4.0.0"
  resolved "https://registry.yarnpkg.com/has-flag/-/has-flag-4.0.0.tgz#944771fd9c81c81265c4d6941860da06bb59479b"
  integrity sha512-EykJT/Q1KjTWctppgIAgfSO0tKVuZUjhgMr17kqTumMl6Afv3EISleU7qZUzoXDFTAHTDC4NOoG/ZxU3EvlMPQ==

he@^1.2.0:
  version "1.2.0"
  resolved "https://registry.yarnpkg.com/he/-/he-1.2.0.tgz#84ae65fa7eafb165fddb61566ae14baf05664f0f"
  integrity sha512-F/1DnUGPopORZi0ni+CvrCgHQ5FyEAHRLSApuYWMmrbSwoN2Mn/7k+Gl38gJnR7yyDZk6WLXwiGod1JOWNDKGw==

javascript-lp-solver@^0.4.24:
  version "0.4.24"
  resolved "https://registry.yarnpkg.com/javascript-lp-solver/-/javascript-lp-solver-0.4.24.tgz#3bb5f8aa051f0bf04747e39130133a0f738f635c"
  integrity sha512-5edoDKnMrt/u3M6GnZKDDIPxOyFOg+WrwDv8mjNiMC2DePhy2H9/FFQgf4ggywaXT1utvkxusJcjQUER72cZmA==

lodash@^4.17.15:
  version "4.17.15"
  resolved "https://registry.yarnpkg.com/lodash/-/lodash-4.17.15.tgz#b447f6670a0455bbfeedd11392eff330ea097548"
  integrity sha512-8xOcRHvCjnocdS5cpwXQXVzmmh5e5+saE2QGoeQmbKmRS6J3VQppPOIt0MnmE+4xlZoumy0GPG0D0MVIQbNA1A==

mime-db@1.43.0:
  version "1.43.0"
  resolved "https://registry.yarnpkg.com/mime-db/-/mime-db-1.43.0.tgz#0a12e0502650e473d735535050e7c8f4eb4fae58"
  integrity sha512-+5dsGEEovYbT8UY9yD7eE4XTc4UwJ1jBYlgaQQF38ENsKR3wj/8q8RFZrF9WIZpB2V1ArTVFUva8sAul1NzRzQ==

mime-types@^2.1.12:
  version "2.1.26"
  resolved "https://registry.yarnpkg.com/mime-types/-/mime-types-2.1.26.tgz#9c921fc09b7e149a65dfdc0da4d20997200b0a06"
  integrity sha512-01paPWYgLrkqAyrlDorC1uDwl2p3qZT7yl806vW7DvDoxwXi46jsjFbg+WdwotBIk6/MbEhO/dh5aZ5sNj/dWQ==
  dependencies:
    mime-db "1.43.0"

moment@^2.24.0:
  version "2.24.0"
  resolved "https://registry.yarnpkg.com/moment/-/moment-2.24.0.tgz#0d055d53f5052aa653c9f6eb68bb5d12bf5c2b5b"
  integrity sha512-bV7f+6l2QigeBBZSM/6yTNq4P2fNpSWj/0e7jQcy87A8e7o2nAfP/34/2ky5Vw4B9S446EtIhodAzkFCcR4dQg==

node-fetch@^2.6.0:
  version "2.6.0"
  resolved "https://registry.yarnpkg.com/node-fetch/-/node-fetch-2.6.0.tgz#e633456386d4aa55863f676a7ab0daa8fdecb0fd"
  integrity sha512-8dG4H5ujfvFiqDmVu9fQ5bOHUC15JMjMY/Zumv26oOvvVJjM67KF8koCWIabKQ1GJIa9r2mMZscBq/TbdOcmNA==

supports-color@^7.1.0:
  version "7.1.0"
  resolved "https://registry.yarnpkg.com/supports-color/-/supports-color-7.1.0.tgz#68e32591df73e25ad1c4b49108a2ec507962bfd1"
  integrity sha512-oRSIpR8pxT1Wr2FquTNnGet79b3BWljqOuoW/h4oBhxJ/HUbX5nX6JSruTkvXDCFMwDPvsaTTbvMLKZWSy0R5g==
  dependencies:
    has-flag "^4.0.0"

typescript@^3.8.3:
  version "3.8.3"
  resolved "https://registry.yarnpkg.com/typescript/-/typescript-3.8.3.tgz#409eb8544ea0335711205869ec458ab109ee1061"
  integrity sha512-MYlEfn5VrLNsgudQTVJeNaQFUAI7DkhnOjdpAp4T+ku1TfQClewlbSuTVHiA+8skNBgaf02TL/kLOvig4y3G8w==
